
Microsoft Visual Studio Solution File, Format Version 12.00
# Visual Studio Version 17
VisualStudioVersion = 17.9.34622.214
MinimumVisualStudioVersion = 10.0.40219.1
Project("{FAE04EC0-301F-11D3-BF4B-00C04F79EFBC}") = "PriceTracker.Server", "PriceTracker.Server\PriceTracker.Server.csproj", "{0304EBAE-0023-41BF-960A-6E6F54C45BC0}"
EndProject
Project("{54A90642-561A-4BB1-A94E-469ADEE60C69}") = "pricetracker.client", "pricetracker.client\pricetracker.client.esproj", "{B8A2F7DA-7AD5-4529-80D6-48A64094405D}"
EndProject
Global
	GlobalSection(SolutionConfigurationPlatforms) = preSolution
		Debug|Any CPU = Debug|Any CPU
		Release|Any CPU = Release|Any CPU
	EndGlobalSection
	GlobalSection(ProjectConfigurationPlatforms) = postSolution
		{0304EBAE-0023-41BF-960A-6E6F54C45BC0}.Debug|Any CPU.ActiveCfg = Debug|Any CPU
		{0304EBAE-0023-41BF-960A-6E6F54C45BC0}.Debug|Any CPU.Build.0 = Debug|Any CPU
		{0304EBAE-0023-41BF-960A-6E6F54C45BC0}.Release|Any CPU.ActiveCfg = Release|Any CPU
		{0304EBAE-0023-41BF-960A-6E6F54C45BC0}.Release|Any CPU.Build.0 = Release|Any CPU
		{B8A2F7DA-7AD5-4529-80D6-48A64094405D}.Debug|Any CPU.ActiveCfg = Debug|Any CPU
		{B8A2F7DA-7AD5-4529-80D6-48A64094405D}.Debug|Any CPU.Build.0 = Debug|Any CPU
		{B8A2F7DA-7AD5-4529-80D6-48A64094405D}.Debug|Any CPU.Deploy.0 = Debug|Any CPU
		{B8A2F7DA-7AD5-4529-80D6-48A64094405D}.Release|Any CPU.ActiveCfg = Release|Any CPU
		{B8A2F7DA-7AD5-4529-80D6-48A64094405D}.Release|Any CPU.Build.0 = Release|Any CPU
		{B8A2F7DA-7AD5-4529-80D6-48A64094405D}.Release|Any CPU.Deploy.0 = Release|Any CPU
	EndGlobalSection
	GlobalSection(SolutionProperties) = preSolution
		HideSolutionNode = FALSE
	EndGlobalSection
	GlobalSection(ExtensibilityGlobals) = postSolution
		SolutionGuid = {0DE852A4-4BA2-41DE-B28D-CD5677885353}
	EndGlobalSection
EndGlobal
